// !$*UTF8*$!
{
	archiveVersion = 1;
	classes = {
	};
	objectVersion = 50;
	objects = {

/* Begin PBXBuildFile section */
		BD64D63423AE23B000453970 /* AppDelegate.m in Sources */ = {isa = PBXBuildFile; fileRef = BD64D63323AE23B000453970 /* AppDelegate.m */; };
		BD64D63723AE23B000453970 /* ViewController.m in Sources */ = {isa = PBXBuildFile; fileRef = BD64D63623AE23B000453970 /* ViewController.m */; };
		BD64D63A23AE23B000453970 /* Main.storyboard in Resources */ = {isa = PBXBuildFile; fileRef = BD64D63823AE23B000453970 /* Main.storyboard */; };
		BD64D63C23AE23B200453970 /* Assets.xcassets in Resources */ = {isa = PBXBuildFile; fileRef = BD64D63B23AE23B200453970 /* Assets.xcassets */; };
		BD64D63F23AE23B200453970 /* LaunchScreen.storyboard in Resources */ = {isa = PBXBuildFile; fileRef = BD64D63D23AE23B200453970 /* LaunchScreen.storyboard */; };
		BD64D64223AE23B200453970 /* main.m in Sources */ = {isa = PBXBuildFile; fileRef = BD64D64123AE23B200453970 /* main.m */; };
/* End PBXBuildFile section */

/* Begin PBXFileReference section */
		BD64D62F23AE23B000453970 /* Lampu Merah.app */ = {isa = PBXFileReference; explicitFileType = wrapper.application; includeInIndex = 0; path = "Lampu Merah.app"; sourceTree = BUILT_PRODUCTS_DIR; };
		BD64D63223AE23B000453970 /* AppDelegate.h */ = {isa = PBXFileReference; lastKnownFileType = sourcecode.c.h; path = AppDelegate.h; sourceTree = "<group>"; };
		BD64D63323AE23B000453970 /* AppDelegate.m */ = {isa = PBXFileReference; lastKnownFileType = sourcecode.c.objc; path = AppDelegate.m; sourceTree = "<group>"; };
		BD64D63523AE23B000453970 /* ViewController.h */ = {isa = PBXFileReference; lastKnownFileType = sourcecode.c.h; path = ViewController.h; sourceTree = "<group>"; };
		BD64D63623AE23B000453970 /* ViewController.m */ = {isa = PBXFileReference; lastKnownFileType = sourcecode.c.objc; path = ViewController.m; sourceTree = "<group>"; };
		BD64D63923AE23B000453970 /* Base */ = {isa = PBXFileReference; lastKnownFileType = file.storyboard; name = Base; path = Base.lproj/Main.storyboard; sourceTree = "<group>"; };
		BD64D63B23AE23B200453970 /* Assets.xcassets */ = {isa = PBXFileReference; lastKnownFileType = folder.assetcatalog; path = Assets.xcassets; sourceTree = "<group>"; };
		BD64D63E23AE23B200453970 /* Base */ = {isa = PBXFileReference; lastKnownFileType = file.storyboard; name = Base; path = Base.lproj/LaunchScreen.storyboard; sourceTree = "<group>"; };
		BD64D64023AE23B200453970 /* Info.plist */ = {isa = PBXFileReference; lastKnownFileType = text.plist.xml; path = Info.plist; sourceTree = "<group>"; };
		BD64D64123AE23B200453970 /* main.m */ = {isa = PBXFileReference; lastKnownFileType = sourcecode.c.objc; path = main.m; sourceTree = "<group>"; };
/* End PBXFileReference section */

/* Begin PBXFrameworksBuildPhase section */
		BD64D62C23AE23B000453970 /* Frameworks */ = {
			isa = PBXFrameworksBuildPhase;
			buildActionMask = 2147483647;
			files = (
			);
			runOnlyForDeploymentPostprocessing = 0;
		};
/* End PBXFrameworksBuildPhase section */

/* Begin PBXGroup section */
		BD64D62623AE23B000453970 = {
			isa = PBXGroup;
			children = (
				BD64D63123AE23B000453970 /* Lampu Merah */,
				BD64D63023AE23B000453970 /* Products */,
			);
			sourceTree = "<group>";
		};
		BD64D63023AE23B000453970 /* Products */ = {
			isa = PBXGroup;
			children = (
				BD64D62F23AE23B000453970 /* Lampu Merah.app */,
			);
			name = Products;
			sourceTree = "<group>";
		};
		BD64D63123AE23B000453970 /* Lampu Merah */ = {
			isa = PBXGroup;
			children = (
				BD64D63223AE23B000453970 /* AppDelegate.h */,
				BD64D63323AE23B000453970 /* AppDelegate.m */,
				BD64D63523AE23B000453970 /* ViewController.h */,
				BD64D63623AE23B000453970 /* ViewController.m */,
				BD64D63823AE23B000453970 /* Main.storyboard */,
				BD64D63B23AE23B200453970 /* Assets.xcassets */,
				BD64D63D23AE23B200453970 /* LaunchScreen.storyboard */,
				BD64D64023AE23B200453970 /* Info.plist */,
				BD64D64123AE23B200453970 /* main.m */,
			);
			path = "Lampu Merah";
			sourceTree = "<group>";
		};
/* End PBXGroup section */

/* Begin PBXNativeTarget section */
		BD64D62E23AE23B000453970 /* Lampu Merah */ = {
			isa = PBXNativeTarget;
			buildConfigurationList = BD64D64523AE23B200453970 /* Build configuration list for PBXNativeTarget "Lampu Merah" */;
			buildPhases = (
				BD64D62B23AE23B000453970 /* Sources */,
				BD64D62C23AE23B000453970 /* Frameworks */,
				BD64D62D23AE23B000453970 /* Resources */,
			);
			buildRules = (
			);
			dependencies = (
			);
			name = "Lampu Merah";
			productName = "Lampu Merah";
			productReference = BD64D62F23AE23B000453970 /* Lampu Merah.app */;
			productType = "com.apple.product-type.application";
		};
/* End PBXNativeTarget section */

/* Begin PBXProject section */
		BD64D62723AE23B000453970 /* Project object */ = {
			isa = PBXProject;
			attributes = {
				LastUpgradeCheck = 1010;
				ORGANIZATIONNAME = "Christian Stevanus";
				TargetAttributes = {
					BD64D62E23AE23B000453970 = {
						CreatedOnToolsVersion = 10.1;
					};
				};
			};
			buildConfigurationList = BD64D62A23AE23B000453970 /* Build configuration list for PBXProject "Lampu Merah" */;
			compatibilityVersion = "Xcode 9.3";
			developmentRegion = en;
			hasScannedForEncodings = 0;
			knownRegions = (
				en,
				Base,
			);
			mainGroup = BD64D62623AE23B000453970;
			productRefGroup = BD64D63023AE23B000453970 /* Products */;
			projectDirPath = "";
			projectRoot = "";
			targets = (
				BD64D62E23AE23B000453970 /* Lampu Merah */,
			);
		};
/* End PBXProject section */

/* Begin PBXResourcesBuildPhase section */
		BD64D62D23AE23B000453970 /* Resources */ = {
			isa = PBXResourcesBuildPhase;
			buildActionMask = 2147483647;
			files = (
				BD64D63F23AE23B200453970 /* LaunchScreen.storyboard in Resources */,
				BD64D63C23AE23B200453970 /* Assets.xcassets in Resources */,
				BD64D63A23AE23B000453970 /* Main.storyboard in Resources */,
			);
			runOnlyForDeploymentPostprocessing = 0;
		};
/* End PBXResourcesBuildPhase section */

/* Begin PBXSourcesBuildPhase section */
		BD64D62B23AE23B000453970 /* Sources */ = {
			isa = PBXSourcesBuildPhase;
			buildActionMask = 2147483647;
			files = (
				BD64D63723AE23B000453970 /* ViewController.m in Sources */,
				BD64D64223AE23B200453970 /* main.m in Sources */,
				BD64D63423AE23B000453970 /* AppDelegate.m in Sources */,
			);
			runOnlyForDeploymentPostprocessing = 0;
		};
/* End PBXSourcesBuildPhase section */

/* Begin PBXVariantGroup section */
		BD64D63823AE23B000453970 /* Main.storyboard */ = {
			isa = PBXVariantGroup;
			children = (
				BD64D63923AE23B000453970 /* Base */,
			);
			name = Main.storyboard;
			sourceTree = "<group>";
		};
		BD64D63D23AE23B200453970 /* LaunchScreen.storyboard */ = {
			isa = PBXVariantGroup;
			children = (
				BD64D63E23AE23B200453970 /* Base */,
			);
			name = LaunchScreen.storyboard;
			sourceTree = "<group>";
		};
/* End PBXVariantGroup section */

/* Begin XCBuildConfiguration section */
		BD64D64323AE23B200453970 /* Debug */ = {
			isa = XCBuildConfiguration;
			buildSettings = {
				ALWAYS_SEARCH_USER_PATHS = NO;
				CLANG_ANALYZER_NONNULL = YES;
				CLANG_ANALYZER_NUMBER_OBJECT_CONVERSION = YES_AGGRESSIVE;
				CLANG_CXX_LANGUAGE_STANDARD = "gnu++14";
				CLANG_CXX_LIBRARY = "libc++";
				CLANG_ENABLE_MODULES = YES;
				CLANG_ENABLE_OBJC_ARC = YES;
				CLANG_ENABLE_OBJC_WEAK = YES;
				CLANG_WARN_BLOCK_CAPTURE_AUTORELEASING = YES;
				CLANG_WARN_BOOL_CONVERSION = YES;
				CLANG_WARN_COMMA = YES;
				CLANG_WARN_CONSTANT_CONVERSION = YES;
				CLANG_WARN_DEPRECATED_OBJC_IMPLEMENTATIONS = YES;
				CLANG_WARN_DIRECT_OBJC_ISA_USAGE = YES_ERROR;
				CLANG_WARN_DOCUMENTATION_COMMENTS = YES;
				CLANG_WARN_EMPTY_BODY = YES;
				CLANG_WARN_ENUM_CONVERSION = YES;
				CLANG_WARN_INFINITE_RECURSION = YES;
				CLANG_WARN_INT_CONVERSION = YES;
				CLANG_WARN_NON_LITERAL_NULL_CONVERSION = YES;
				CLANG_WARN_OBJC_IMPLICIT_RETAIN_SELF = YES;
				CLANG_WARN_OBJC_LITERAL_CONVERSION = YES;
				CLANG_WARN_OBJC_ROOT_CLASS = YES_ERROR;
				CLANG_WARN_RANGE_LOOP_ANALYSIS = YES;
				CLANG_WARN_STRICT_PROTOTYPES = YES;
				CLANG_WARN_SUSPICIOUS_MOVE = YES;
				CLANG_WARN_UNGUARDED_AVAILABILITY = YES_AGGRESSIVE;
				CLANG_WARN_UNREACHABLE_CODE = YES;
				CLANG_WARN__DUPLICATE_METHOD_MATCH = YES;
				CODE_SIGN_IDENTITY = "iPhone Developer";
				COPY_PHASE_STRIP = NO;
				DEBUG_INFORMATION_FORMAT = dwarf;
				ENABLE_STRICT_OBJC_MSGSEND = YES;
				ENABLE_TESTABILITY = YES;
				GCC_C_LANGUAGE_STANDARD = gnu11;
				GCC_DYNAMIC_NO_PIC = NO;
				GCC_NO_COMMON_BLOCKS = YES;
				GCC_OPTIMIZATION_LEVEL = 0;
				GCC_PREPROCESSOR_DEFINITIONS = (
					"DEBUG=1",
					"$(inherited)",
				);
				GCC_WARN_64_TO_32_BIT_CONVERSION = YES;
				GCC_WARN_ABOUT_RETURN_TYPE = YES_ERROR;
				GCC_WARN_UNDECLARED_SELECTOR = YES;
				GCC_WARN_UNINITIALIZED_AUTOS = YES_AGGRESSIVE;
				GCC_WARN_UNUSED_FUNCTION = YES;
				GCC_WARN_UNUSED_VARIABLE = YES;
				IPHONEOS_DEPLOYMENT_TARGET = 12.1;
				MTL_ENABLE_DEBUG_INFO = INCLUDE_SOURCE;
				MTL_FAST_MATH = YES;
				ONLY_ACTIVE_ARCH = YES;
				SDKROOT = iphoneos;
			};
			name = Debug;
		};
		BD64D64423AE23B200453970 /* Release */ = {
			isa = XCBuildConfiguration;
			buildSettings = {
				ALWAYS_SEARCH_USER_PATHS = NO;
				CLANG_ANALYZER_NONNULL = YES;
				CLANG_ANALYZER_NUMBER_OBJECT_CONVERSION = YES_AGGRESSIVE;
				CLANG_CXX_LANGUAGE_STANDARD = "gnu++14";
				CLANG_CXX_LIBRARY = "libc++";
				CLANG_ENABLE_MODULES = YES;
				CLANG_ENABLE_OBJC_ARC = YES;
				CLANG_ENABLE_OBJC_WEAK = YES;
				CLANG_WARN_BLOCK_CAPTURE_AUTORELEASING = YES;
				CLANG_WARN_BOOL_CONVERSION = YES;
				CLANG_WARN_COMMA = YES;
				CLANG_WARN_CONSTANT_CONVERSION = YES;
				CLANG_WARN_DEPRECATED_OBJC_IMPLEMENTATIONS = YES;
				CLANG_WARN_DIRECT_OBJC_ISA_USAGE = YES_ERROR;
				CLANG_WARN_DOCUMENTATION_COMMENTS = YES;
				CLANG_WARN_EMPTY_BODY = YES;
				CLANG_WARN_ENUM_CONVERSION = YES;
				CLANG_WARN_INFINITE_RECURSION = YES;
				CLANG_WARN_INT_CONVERSION = YES;
				CLANG_WARN_NON_LITERAL_NULL_CONVERSION = YES;
				CLANG_WARN_OBJC_IMPLICIT_RETAIN_SELF = YES;
				CLANG_WARN_OBJC_LITERAL_CONVERSION = YES;
				CLANG_WARN_OBJC_ROOT_CLASS = YES_ERROR;
				CLANG_WARN_RANGE_LOOP_ANALYSIS = YES;
				CLANG_WARN_STRICT_PROTOTYPES = YES;
				CLANG_WARN_SUSPICIOUS_MOVE = YES;
				CLANG_WARN_UNGUARDED_AVAILABILITY = YES_AGGRESSIVE;
				CLANG_WARN_UNREACHABLE_CODE = YES;
				CLANG_WARN__DUPLICATE_METHOD_MATCH = YES;
				CODE_SIGN_IDENTITY = "iPhone Developer";
				COPY_PHASE_STRIP = NO;
				DEBUG_INFORMATION_FORMAT = "dwarf-with-dsym";
				ENABLE_NS_ASSERTIONS = NO;
				ENABLE_STRICT_OBJC_MSGSEND = YES;
				GCC_C_LANGUAGE_STANDARD = gnu11;
				GCC_NO_COMMON_BLOCKS = YES;
				GCC_WARN_64_TO_32_BIT_CONVERSION = YES;
				GCC_WARN_ABOUT_RETURN_TYPE = YES_ERROR;
				GCC_WARN_UNDECLARED_SELECTOR = YES;
				GCC_WARN_UNINITIALIZED_AUTOS = YES_AGGRESSIVE;
				GCC_WARN_UNUSED_FUNCTION = YES;
				GCC_WARN_UNUSED_VARIABLE = YES;
				IPHONEOS_DEPLOYMENT_TARGET = 12.1;
				MTL_ENABLE_DEBUG_INFO = NO;
				MTL_FAST_MATH = YES;
				SDKROOT = iphoneos;
				VALIDATE_PRODUCT = YES;
			};
			name = Release;
		};
		BD64D64623AE23B200453970 /* Debug */ = {
			isa = XCBuildConfiguration;
			buildSettings = {
				ASSETCATALOG_COMPILER_APPICON_NAME = AppIcon;
				CODE_SIGN_STYLE = Automatic;
				DEVELOPMENT_TEAM = 49LT2MNGBG;
				INFOPLIST_FILE = "Lampu Merah/Info.plist";
				LD_RUNPATH_SEARCH_PATHS = (
					"$(inherited)",
					"@executable_path/Frameworks",
				);
				PRODUCT_BUNDLE_IDENTIFIER = "Vanoyt.Lampu-Merah";
				PRODUCT_NAME = "$(TARGET_NAME)";
				TARGETED_DEVICE_FAMILY = "1,2";
			};
			name = Debug;
		};
		BD64D64723AE23B200453970 /* Release */ = {
			isa = XCBuildConfiguration;
			buildSettings = {
				ASSETCATALOG_COMPILER_APPICON_NAME = AppIcon;
				CODE_SIGN_STYLE = Automatic;
				DEVELOPMENT_TEAM = 49LT2MNGBG;
				INFOPLIST_FILE = "Lampu Merah/Info.plist";
				LD_RUNPATH_SEARCH_PATHS = (
					"$(inherited)",
					"@executable_path/Frameworks",
				);
				PRODUCT_BUNDLE_IDENTIFIER = "Vanoyt.Lampu-Merah";
				PRODUCT_NAME = "$(TARGET_NAME)";
				TARGETED_DEVICE_FAMILY = "1,2";
			};
			name = Release;
		};
/* End XCBuildConfiguration section */

/* Begin XCConfigurationList section */
		BD64D62A23AE23B000453970 /* Build configuration list for PBXProject "Lampu Merah" */ = {
			isa = XCConfigurationList;
			buildConfigurations = (
				BD64D64323AE23B200453970 /* Debug */,
				BD64D64423AE23B200453970 /* Release */,
			);
			defaultConfigurationIsVisible = 0;
			defaultConfigurationName = Release;
		};
		BD64D64523AE23B200453970 /* Build configuration list for PBXNativeTarget "Lampu Merah" */ = {
			isa = XCConfigurationList;
			buildConfigurations = (
				BD64D64623AE23B200453970 /* Debug */,
				BD64D64723AE23B200453970 /* Release */,
			);
			defaultConfigurationIsVisible = 0;
			defaultConfigurationName = Release;
		};
/* End XCConfigurationList section */
	};
	rootObject = BD64D62723AE23B000453970 /* Project object */;
}
